
Microsoft Visual Studio Solution File, Format Version 12.00
# Visual Studio Version 17
VisualStudioVersion = 17.1.32228.430
MinimumVisualStudioVersion = 10.0.40219.1
Project("{FAE04EC0-301F-11D3-BF4B-00C04F79EFBC}") = "BlazorWasmChat.Server", "BlazorWasmChat\Server\BlazorWasmChat.Server.csproj", "{CA5C5550-F143-4777-AE38-96B5DBF98301}"
EndProject
Project("{FAE04EC0-301F-11D3-BF4B-00C04F79EFBC}") = "BlazorWasmChat.Client", "BlazorWasmChat\Client\BlazorWasmChat.Client.csproj", "{21E25E94-A0A3-4F18-8C6B-474AC3C69CE5}"
EndProject
Project("{FAE04EC0-301F-11D3-BF4B-00C04F79EFBC}") = "BlazorWasmChat.Shared", "BlazorWasmChat\Shared\BlazorWasmChat.Shared.csproj", "{DE5766E6-C664-4901-8A8F-D758E57013AF}"
EndProject
Global
	GlobalSection(SolutionConfigurationPlatforms) = preSolution
		Debug|Any CPU = Debug|Any CPU
		Release|Any CPU = Release|Any CPU
	EndGlobalSection
	GlobalSection(ProjectConfigurationPlatforms) = postSolution
		{CA5C5550-F143-4777-AE38-96B5DBF98301}.Debug|Any CPU.ActiveCfg = Debug|Any CPU
		{CA5C5550-F143-4777-AE38-96B5DBF98301}.Debug|Any CPU.Build.0 = Debug|Any CPU
		{CA5C5550-F143-4777-AE38-96B5DBF98301}.Release|Any CPU.ActiveCfg = Release|Any CPU
		{CA5C5550-F143-4777-AE38-96B5DBF98301}.Release|Any CPU.Build.0 = Release|Any CPU
		{21E25E94-A0A3-4F18-8C6B-474AC3C69CE5}.Debug|Any CPU.ActiveCfg = Debug|Any CPU
		{21E25E94-A0A3-4F18-8C6B-474AC3C69CE5}.Debug|Any CPU.Build.0 = Debug|Any CPU
		{21E25E94-A0A3-4F18-8C6B-474AC3C69CE5}.Release|Any CPU.ActiveCfg = Release|Any CPU
		{21E25E94-A0A3-4F18-8C6B-474AC3C69CE5}.Release|Any CPU.Build.0 = Release|Any CPU
		{DE5766E6-C664-4901-8A8F-D758E57013AF}.Debug|Any CPU.ActiveCfg = Debug|Any CPU
		{DE5766E6-C664-4901-8A8F-D758E57013AF}.Debug|Any CPU.Build.0 = Debug|Any CPU
		{DE5766E6-C664-4901-8A8F-D758E57013AF}.Release|Any CPU.ActiveCfg = Release|Any CPU
		{DE5766E6-C664-4901-8A8F-D758E57013AF}.Release|Any CPU.Build.0 = Release|Any CPU
	EndGlobalSection
	GlobalSection(SolutionProperties) = preSolution
		HideSolutionNode = FALSE
	EndGlobalSection
	GlobalSection(ExtensibilityGlobals) = postSolution
		SolutionGuid = {05D5E4D7-6266-4FE2-BB7A-942E7DE8A9AB}
	EndGlobalSection
EndGlobal
